// !$*UTF8*$!
{
	archiveVersion = 1;
	classes = {
	};
	objectVersion = 77;
	objects = {

/* Begin PBXBuildFile section */
		8B6674742F4C5EC700FFEF39 /* OpenSansLbl.swift in Sources */ = {isa = PBXBuildFile; fileRef = 8B6674732F4C5EC700FFEF39 /* OpenSansLbl.swift */; };
		8B6674762F4C5EF200FFEF39 /* LogHandler.swift in Sources */ = {isa = PBXBuildFile; fileRef = 8B6674752F4C5EF200FFEF39 /* LogHandler.swift */; };
		8B6674782F4C5F0100FFEF39 /* AppVault.plist in Resources */ = {isa = PBXBuildFile; fileRef = 8B6674772F4C5F0100FFEF39 /* AppVault.plist */; };
		8B66747A2F4C5F0600FFEF39 /* VaultInfo.swift in Sources */ = {isa = PBXBuildFile; fileRef = 8B6674792F4C5F0600FFEF39 /* VaultInfo.swift */; };
		8B66748F2F4C645300FFEF39 /* NotificationCenterName.swift in Sources */ = {isa = PBXBuildFile; fileRef = 8B6674812F4C645300FFEF39 /* NotificationCenterName.swift */; };
		8B6674902F4C645300FFEF39 /* UILabelExtensions.swift in Sources */ = {isa = PBXBuildFile; fileRef = 8B6674892F4C645300FFEF39 /* UILabelExtensions.swift */; };
		8B6674912F4C645300FFEF39 /* UIButtonExtension.swift in Sources */ = {isa = PBXBuildFile; fileRef = 8B6674852F4C645300FFEF39 /* UIButtonExtension.swift */; };
		8B6674922F4C645300FFEF39 /* TableViewExt.swift in Sources */ = {isa = PBXBuildFile; fileRef = 8B6674832F4C645300FFEF39 /* TableViewExt.swift */; };
		8B6674932F4C645300FFEF39 /* UIWindowExtension.swift in Sources */ = {isa = PBXBuildFile; fileRef = 8B66748B2F4C645300FFEF39 /* UIWindowExtension.swift */; };
		8B6674942F4C645300FFEF39 /* UIImageViewExtension.swift in Sources */ = {isa = PBXBuildFile; fileRef = 8B6674882F4C645300FFEF39 /* UIImageViewExtension.swift */; };
		8B6674952F4C645300FFEF39 /* UITextViewExtension.swift in Sources */ = {isa = PBXBuildFile; fileRef = 8B66748A2F4C645300FFEF39 /* UITextViewExtension.swift */; };
		8B6674962F4C645300FFEF39 /* DispatchQueue.swift in Sources */ = {isa = PBXBuildFile; fileRef = 8B66747F2F4C645300FFEF39 /* DispatchQueue.swift */; };
		8B6674972F4C645300FFEF39 /* UIColorExt.swift in Sources */ = {isa = PBXBuildFile; fileRef = 8B6674862F4C645300FFEF39 /* UIColorExt.swift */; };
		8B6674982F4C645300FFEF39 /* DoubleExt.swift in Sources */ = {isa = PBXBuildFile; fileRef = 8B6674802F4C645300FFEF39 /* DoubleExt.swift */; };
		8B6674992F4C645300FFEF39 /* CollectionViewExt.swift in Sources */ = {isa = PBXBuildFile; fileRef = 8B66747D2F4C645300FFEF39 /* CollectionViewExt.swift */; };
		8B66749A2F4C645300FFEF39 /* URLExt.swift in Sources */ = {isa = PBXBuildFile; fileRef = 8B66748C2F4C645300FFEF39 /* URLExt.swift */; };
		8B66749B2F4C645300FFEF39 /* UIImageExt.swift in Sources */ = {isa = PBXBuildFile; fileRef = 8B6674872F4C645300FFEF39 /* UIImageExt.swift */; };
		8B66749C2F4C645300FFEF39 /* ViewExt.swift in Sources */ = {isa = PBXBuildFile; fileRef = 8B66748D2F4C645300FFEF39 /* ViewExt.swift */; };
		8B66749D2F4C645300FFEF39 /* DataExt.swift in Sources */ = {isa = PBXBuildFile; fileRef = 8B66747E2F4C645300FFEF39 /* DataExt.swift */; };
		8B66749E2F4C645300FFEF39 /* TextFieldExt.swift in Sources */ = {isa = PBXBuildFile; fileRef = 8B6674842F4C645300FFEF39 /* TextFieldExt.swift */; };
		8B66749F2F4C645300FFEF39 /* StringExtension.swift in Sources */ = {isa = PBXBuildFile; fileRef = 8B6674822F4C645300FFEF39 /* StringExtension.swift */; };
		8B6674A12F4C649600FFEF39 /* Toast.swift in Sources */ = {isa = PBXBuildFile; fileRef = 8B6674A02F4C649600FFEF39 /* Toast.swift */; };
		8B6674A32F4C64AA00FFEF39 /* KeyboardEventListener.swift in Sources */ = {isa = PBXBuildFile; fileRef = 8B6674A22F4C64AA00FFEF39 /* KeyboardEventListener.swift */; };
		8B6674A52F4C6EE100FFEF39 /* Enums.swift in Sources */ = {isa = PBXBuildFile; fileRef = 8B6674A42F4C6EE100FFEF39 /* Enums.swift */; };
		8B6674A72F4C6EFD00FFEF39 /* SharedMethods.swift in Sources */ = {isa = PBXBuildFile; fileRef = 8B6674A62F4C6EFD00FFEF39 /* SharedMethods.swift */; };
		8B6674AA2F4C6F5100FFEF39 /* Kingfisher in Frameworks */ = {isa = PBXBuildFile; productRef = 8B6674A92F4C6F5100FFEF39 /* Kingfisher */; };
		8B6674AC2F4C6F7600FFEF39 /* CustomMovieActivityItemSource.swift in Sources */ = {isa = PBXBuildFile; fileRef = 8B6674AB2F4C6F7600FFEF39 /* CustomMovieActivityItemSource.swift */; };
		8B6674AF2F4C7D8300FFEF39 /* DashboardCell.xib in Resources */ = {isa = PBXBuildFile; fileRef = 8B6674AE2F4C7D8300FFEF39 /* DashboardCell.xib */; };
		8B6674B02F4C7D8300FFEF39 /* DashboardCell.swift in Sources */ = {isa = PBXBuildFile; fileRef = 8B6674AD2F4C7D8300FFEF39 /* DashboardCell.swift */; };
		8B6674B32F4C86DD00FFEF39 /* UserCell.xib in Resources */ = {isa = PBXBuildFile; fileRef = 8B6674B22F4C86DD00FFEF39 /* UserCell.xib */; };
		8B6674B42F4C86DD00FFEF39 /* UserCell.swift in Sources */ = {isa = PBXBuildFile; fileRef = 8B6674B12F4C86DD00FFEF39 /* UserCell.swift */; };
		8B6674B72F4C963100FFEF39 /* ContactTableViewCell.xib in Resources */ = {isa = PBXBuildFile; fileRef = 8B6674B62F4C963100FFEF39 /* ContactTableViewCell.xib */; };
		8B6674B82F4C963100FFEF39 /* ContactTableViewCell.swift in Sources */ = {isa = PBXBuildFile; fileRef = 8B6674B52F4C963100FFEF39 /* ContactTableViewCell.swift */; };
		8B6674BA2F4CA4CF00FFEF39 /* AllContactsVC.swift in Sources */ = {isa = PBXBuildFile; fileRef = 8B6674B92F4CA4CF00FFEF39 /* AllContactsVC.swift */; };
		8B6674BD2F4CA89E00FFEF39 /* ContactCell.swift in Sources */ = {isa = PBXBuildFile; fileRef = 8B6674BB2F4CA89E00FFEF39 /* ContactCell.swift */; };
		8B6674BE2F4CA89E00FFEF39 /* ContactCell.xib in Resources */ = {isa = PBXBuildFile; fileRef = 8B6674BC2F4CA89E00FFEF39 /* ContactCell.xib */; };
		8BAFA4BD2F4D6F2200C85738 /* CustomOptionCell.swift in Sources */ = {isa = PBXBuildFile; fileRef = 8BAFA4BB2F4D6F2200C85738 /* CustomOptionCell.swift */; };
		8BAFA4BE2F4D6F2200C85738 /* CustomOptionCell.xib in Resources */ = {isa = PBXBuildFile; fileRef = 8BAFA4BC2F4D6F2200C85738 /* CustomOptionCell.xib */; };
		8BAFA4C12F4D9AC600C85738 /* TagCell.swift in Sources */ = {isa = PBXBuildFile; fileRef = 8BAFA4BF2F4D9AC600C85738 /* TagCell.swift */; };
		8BAFA4C22F4D9AC600C85738 /* TagCell.xib in Resources */ = {isa = PBXBuildFile; fileRef = 8BAFA4C02F4D9AC600C85738 /* TagCell.xib */; };
		8BAFA4C42F4DBD0400C85738 /* AddNewContactVC.swift in Sources */ = {isa = PBXBuildFile; fileRef = 8BAFA4C32F4DBD0400C85738 /* AddNewContactVC.swift */; };
		8BAFA4CA2F4DC7C900C85738 /* UIScrollView+TPKeyboardAvoidingAdditions.m in Sources */ = {isa = PBXBuildFile; fileRef = 8BAFA4C62F4DC7C900C85738 /* UIScrollView+TPKeyboardAvoidingAdditions.m */; };
		8BAFA4CB2F4DC7C900C85738 /* TPKeyboardAvoidingScrollView.m in Sources */ = {isa = PBXBuildFile; fileRef = 8BAFA4C72F4DC7C900C85738 /* TPKeyboardAvoidingScrollView.m */; };
		8BAFA4CD2F4DC83100C85738 /* GroupsVC.swift in Sources */ = {isa = PBXBuildFile; fileRef = 8BAFA4CC2F4DC83100C85738 /* GroupsVC.swift */; };
		8BAFA4D02F4DC8C400C85738 /* GroupCell.xib in Resources */ = {isa = PBXBuildFile; fileRef = 8BAFA4CF2F4DC8C400C85738 /* GroupCell.xib */; };
		8BAFA4D12F4DC8C400C85738 /* GroupCell.swift in Sources */ = {isa = PBXBuildFile; fileRef = 8BAFA4CE2F4DC8C400C85738 /* GroupCell.swift */; };
		8BAFA4D32F4DD55100C85738 /* ConnectYourContactsVC.swift in Sources */ = {isa = PBXBuildFile; fileRef = 8BAFA4D22F4DD55100C85738 /* ConnectYourContactsVC.swift */; };
		8BE0C2062F4C534800817A90 /* AppDelegate.swift in Sources */ = {isa = PBXBuildFile; fileRef = 8BE0C1FC2F4C534800817A90 /* AppDelegate.swift */; };
		8BE0C2072F4C534800817A90 /* SceneDelegate.swift in Sources */ = {isa = PBXBuildFile; fileRef = 8BE0C2032F4C534800817A90 /* SceneDelegate.swift */; };
		8BE0C2082F4C534800817A90 /* DashboardVC.swift in Sources */ = {isa = PBXBuildFile; fileRef = 8BE0C2042F4C534800817A90 /* DashboardVC.swift */; };
		8BE0C2092F4C534800817A90 /* Assets.xcassets in Resources */ = {isa = PBXBuildFile; fileRef = 8BE0C1FD2F4C534800817A90 /* Assets.xcassets */; };
		8BE0C20B2F4C534800817A90 /* LaunchScreen.storyboard in Resources */ = {isa = PBXBuildFile; fileRef = 8BE0C2002F4C534800817A90 /* LaunchScreen.storyboard */; };
		8BE0C20C2F4C534800817A90 /* Main.storyboard in Resources */ = {isa = PBXBuildFile; fileRef = 8BE0C2022F4C534800817A90 /* Main.storyboard */; };
		8BE0C20F2F4C549A00817A90 /* SideMenu in Frameworks */ = {isa = PBXBuildFile; productRef = 8BE0C20E2F4C549A00817A90 /* SideMenu */; };
		8BE0C2112F4C54D400817A90 /* SideMenuOptionDetails.swift in Sources */ = {isa = PBXBuildFile; fileRef = 8BE0C2102F4C54D400817A90 /* SideMenuOptionDetails.swift */; };
		8BE0C2142F4C54FA00817A90 /* OptionCell.swift in Sources */ = {isa = PBXBuildFile; fileRef = 8BE0C2122F4C54FA00817A90 /* OptionCell.swift */; };
		8BE0C2152F4C54FA00817A90 /* OptionCell.xib in Resources */ = {isa = PBXBuildFile; fileRef = 8BE0C2132F4C54FA00817A90 /* OptionCell.xib */; };
		8BE0C2182F4C563300817A90 /* HeaderCell.xib in Resources */ = {isa = PBXBuildFile; fileRef = 8BE0C2172F4C563300817A90 /* HeaderCell.xib */; };
		8BE0C2192F4C563300817A90 /* HeaderCell.swift in Sources */ = {isa = PBXBuildFile; fileRef = 8BE0C2162F4C563300817A90 /* HeaderCell.swift */; };
		8BE0C3B92F4C5CCD00817A90 /* OpenSans_Condensed-Bold.ttf in Resources */ = {isa = PBXBuildFile; fileRef = 8BE0C38F2F4C5CCD00817A90 /* OpenSans_Condensed-Bold.ttf */; };
		8BE0C3BA2F4C5CCD00817A90 /* OpenSans_Condensed-BoldItalic.ttf in Resources */ = {isa = PBXBuildFile; fileRef = 8BE0C3902F4C5CCD00817A90 /* OpenSans_Condensed-BoldItalic.ttf */; };
		8BE0C3BB2F4C5CCD00817A90 /* OpenSans_Condensed-ExtraBold.ttf in Resources */ = {isa = PBXBuildFile; fileRef = 8BE0C3912F4C5CCD00817A90 /* OpenSans_Condensed-ExtraBold.ttf */; };
		8BE0C3BC2F4C5CCD00817A90 /* OpenSans_Condensed-ExtraBoldItalic.ttf in Resources */ = {isa = PBXBuildFile; fileRef = 8BE0C3922F4C5CCD00817A90 /* OpenSans_Condensed-ExtraBoldItalic.ttf */; };
		8BE0C3BD2F4C5CCD00817A90 /* OpenSans_Condensed-Italic.ttf in Resources */ = {isa = PBXBuildFile; fileRef = 8BE0C3932F4C5CCD00817A90 /* OpenSans_Condensed-Italic.ttf */; };
		8BE0C3BE2F4C5CCD00817A90 /* OpenSans_Condensed-Light.ttf in Resources */ = {isa = PBXBuildFile; fileRef = 8BE0C3942F4C5CCD00817A90 /* OpenSans_Condensed-Light.ttf */; };
		8BE0C3BF2F4C5CCD00817A90 /* OpenSans_Condensed-LightItalic.ttf in Resources */ = {isa = PBXBuildFile; fileRef = 8BE0C3952F4C5CCD00817A90 /* OpenSans_Condensed-LightItalic.ttf */; };
		8BE0C3C02F4C5CCD00817A90 /* OpenSans_Condensed-Medium.ttf in Resources */ = {isa = PBXBuildFile; fileRef = 8BE0C3962F4C5CCD00817A90 /* OpenSans_Condensed-Medium.ttf */; };
		8BE0C3C12F4C5CCD00817A90 /* OpenSans_Condensed-MediumItalic.ttf in Resources */ = {isa = PBXBuildFile; fileRef = 8BE0C3972F4C5CCD00817A90 /* OpenSans_Condensed-MediumItalic.ttf */; };
		8BE0C3C22F4C5CCD00817A90 /* OpenSans_Condensed-Regular.ttf in Resources */ = {isa = PBXBuildFile; fileRef = 8BE0C3982F4C5CCD00817A90 /* OpenSans_Condensed-Regular.ttf */; };
		8BE0C3C32F4C5CCD00817A90 /* OpenSans_Condensed-SemiBold.ttf in Resources */ = {isa = PBXBuildFile; fileRef = 8BE0C3992F4C5CCD00817A90 /* OpenSans_Condensed-SemiBold.ttf */; };
		8BE0C3C42F4C5CCD00817A90 /* OpenSans_Condensed-SemiBoldItalic.ttf in Resources */ = {isa = PBXBuildFile; fileRef = 8BE0C39A2F4C5CCD00817A90 /* OpenSans_Condensed-SemiBoldItalic.ttf */; };
		8BE0C3C52F4C5CCD00817A90 /* OpenSans_SemiCondensed-Bold.ttf in Resources */ = {isa = PBXBuildFile; fileRef = 8BE0C39B2F4C5CCD00817A90 /* OpenSans_SemiCondensed-Bold.ttf */; };
		8BE0C3C62F4C5CCD00817A90 /* OpenSans_SemiCondensed-BoldItalic.ttf in Resources */ = {isa = PBXBuildFile; fileRef = 8BE0C39C2F4C5CCD00817A90 /* OpenSans_SemiCondensed-BoldItalic.ttf */; };
		8BE0C3C72F4C5CCD00817A90 /* OpenSans_SemiCondensed-ExtraBold.ttf in Resources */ = {isa = PBXBuildFile; fileRef = 8BE0C39D2F4C5CCD00817A90 /* OpenSans_SemiCondensed-ExtraBold.ttf */; };
		8BE0C3C82F4C5CCD00817A90 /* OpenSans_SemiCondensed-ExtraBoldItalic.ttf in Resources */ = {isa = PBXBuildFile; fileRef = 8BE0C39E2F4C5CCD00817A90 /* OpenSans_SemiCondensed-ExtraBoldItalic.ttf */; };
		8BE0C3C92F4C5CCD00817A90 /* OpenSans_SemiCondensed-Italic.ttf in Resources */ = {isa = PBXBuildFile; fileRef = 8BE0C39F2F4C5CCD00817A90 /* OpenSans_SemiCondensed-Italic.ttf */; };
		8BE0C3CA2F4C5CCD00817A90 /* OpenSans_SemiCondensed-Light.ttf in Resources */ = {isa = PBXBuildFile; fileRef = 8BE0C3A02F4C5CCD00817A90 /* OpenSans_SemiCondensed-Light.ttf */; };
		8BE0C3CB2F4C5CCD00817A90 /* OpenSans_SemiCondensed-LightItalic.ttf in Resources */ = {isa = PBXBuildFile; fileRef = 8BE0C3A12F4C5CCD00817A90 /* OpenSans_SemiCondensed-LightItalic.ttf */; };
		8BE0C3CC2F4C5CCD00817A90 /* OpenSans_SemiCondensed-Medium.ttf in Resources */ = {isa = PBXBuildFile; fileRef = 8BE0C3A22F4C5CCD00817A90 /* OpenSans_SemiCondensed-Medium.ttf */; };
		8BE0C3CD2F4C5CCD00817A90 /* OpenSans_SemiCondensed-MediumItalic.ttf in Resources */ = {isa = PBXBuildFile; fileRef = 8BE0C3A32F4C5CCD00817A90 /* OpenSans_SemiCondensed-MediumItalic.ttf */; };
		8BE0C3CE2F4C5CCD00817A90 /* OpenSans_SemiCondensed-Regular.ttf in Resources */ = {isa = PBXBuildFile; fileRef = 8BE0C3A42F4C5CCD00817A90 /* OpenSans_SemiCondensed-Regular.ttf */; };
		8BE0C3CF2F4C5CCD00817A90 /* OpenSans_SemiCondensed-SemiBold.ttf in Resources */ = {isa = PBXBuildFile; fileRef = 8BE0C3A52F4C5CCD00817A90 /* OpenSans_SemiCondensed-SemiBold.ttf */; };
		8BE0C3D02F4C5CCD00817A90 /* OpenSans_SemiCondensed-SemiBoldItalic.ttf in Resources */ = {isa = PBXBuildFile; fileRef = 8BE0C3A62F4C5CCD00817A90 /* OpenSans_SemiCondensed-SemiBoldItalic.ttf */; };
		8BE0C3D12F4C5CCD00817A90 /* OpenSans-Bold.ttf in Resources */ = {isa = PBXBuildFile; fileRef = 8BE0C3A72F4C5CCD00817A90 /* OpenSans-Bold.ttf */; };
		8BE0C3D22F4C5CCD00817A90 /* OpenSans-BoldItalic.ttf in Resources */ = {isa = PBXBuildFile; fileRef = 8BE0C3A82F4C5CCD00817A90 /* OpenSans-BoldItalic.ttf */; };
		8BE0C3D32F4C5CCD00817A90 /* OpenSans-ExtraBold.ttf in Resources */ = {isa = PBXBuildFile; fileRef = 8BE0C3A92F4C5CCD00817A90 /* OpenSans-ExtraBold.ttf */; };
		8BE0C3D42F4C5CCD00817A90 /* OpenSans-ExtraBoldItalic.ttf in Resources */ = {isa = PBXBuildFile; fileRef = 8BE0C3AA2F4C5CCD00817A90 /* OpenSans-ExtraBoldItalic.ttf */; };
		8BE0C3D52F4C5CCD00817A90 /* OpenSans-Italic.ttf in Resources */ = {isa = PBXBuildFile; fileRef = 8BE0C3AB2F4C5CCD00817A90 /* OpenSans-Italic.ttf */; };
		8BE0C3D62F4C5CCD00817A90 /* OpenSans-Light.ttf in Resources */ = {isa = PBXBuildFile; fileRef = 8BE0C3AC2F4C5CCD00817A90 /* OpenSans-Light.ttf */; };
		8BE0C3D72F4C5CCD00817A90 /* OpenSans-LightItalic.ttf in Resources */ = {isa = PBXBuildFile; fileRef = 8BE0C3AD2F4C5CCD00817A90 /* OpenSans-LightItalic.ttf */; };
		8BE0C3D82F4C5CCD00817A90 /* OpenSans-Medium.ttf in Resources */ = {isa = PBXBuildFile; fileRef = 8BE0C3AE2F4C5CCD00817A90 /* OpenSans-Medium.ttf */; };
		8BE0C3D92F4C5CCD00817A90 /* OpenSans-MediumItalic.ttf in Resources */ = {isa = PBXBuildFile; fileRef = 8BE0C3AF2F4C5CCD00817A90 /* OpenSans-MediumItalic.ttf */; };
		8BE0C3DA2F4C5CCD00817A90 /* OpenSans-Regular.ttf in Resources */ = {isa = PBXBuildFile; fileRef = 8BE0C3B02F4C5CCD00817A90 /* OpenSans-Regular.ttf */; };
		8BE0C3DB2F4C5CCD00817A90 /* OpenSans-SemiBold.ttf in Resources */ = {isa = PBXBuildFile; fileRef = 8BE0C3B12F4C5CCD00817A90 /* OpenSans-SemiBold.ttf */; };
		8BE0C3DC2F4C5CCD00817A90 /* OpenSans-SemiBoldItalic.ttf in Resources */ = {isa = PBXBuildFile; fileRef = 8BE0C3B22F4C5CCD00817A90 /* OpenSans-SemiBoldItalic.ttf */; };
		8BE0C3DD2F4C5CCD00817A90 /* OFL.txt in Resources */ = {isa = PBXBuildFile; fileRef = 8BE0C3B42F4C5CCD00817A90 /* OFL.txt */; };
		8BE0C3DE2F4C5CCD00817A90 /* OpenSans-Italic-VariableFont_wdth,wght.ttf in Resources */ = {isa = PBXBuildFile; fileRef = 8BE0C3B52F4C5CCD00817A90 /* OpenSans-Italic-VariableFont_wdth,wght.ttf */; };
		8BE0C3DF2F4C5CCD00817A90 /* OpenSans-VariableFont_wdth,wght.ttf in Resources */ = {isa = PBXBuildFile; fileRef = 8BE0C3B62F4C5CCD00817A90 /* OpenSans-VariableFont_wdth,wght.ttf */; };
		8BE0C3E02F4C5CCD00817A90 /* README.txt in Resources */ = {isa = PBXBuildFile; fileRef = 8BE0C3B72F4C5CCD00817A90 /* README.txt */; };
/* End PBXBuildFile section */

/* Begin PBXFileReference section */
		8B6674732F4C5EC700FFEF39 /* OpenSansLbl.swift */ = {isa = PBXFileReference; lastKnownFileType = sourcecode.swift; path = OpenSansLbl.swift; sourceTree = "<group>"; };
		8B6674752F4C5EF200FFEF39 /* LogHandler.swift */ = {isa = PBXFileReference; lastKnownFileType = sourcecode.swift; path = LogHandler.swift; sourceTree = "<group>"; };
		8B6674772F4C5F0100FFEF39 /* AppVault.plist */ = {isa = PBXFileReference; lastKnownFileType = text.plist.xml; path = AppVault.plist; sourceTree = "<group>"; };
		8B6674792F4C5F0600FFEF39 /* VaultInfo.swift */ = {isa = PBXFileReference; lastKnownFileType = sourcecode.swift; path = VaultInfo.swift; sourceTree = "<group>"; };
		8B66747D2F4C645300FFEF39 /* CollectionViewExt.swift */ = {isa = PBXFileReference; lastKnownFileType = sourcecode.swift; path = CollectionViewExt.swift; sourceTree = "<group>"; };
		8B66747E2F4C645300FFEF39 /* DataExt.swift */ = {isa = PBXFileReference; lastKnownFileType = sourcecode.swift; path = DataExt.swift; sourceTree = "<group>"; };
		8B66747F2F4C645300FFEF39 /* DispatchQueue.swift */ = {isa = PBXFileReference; lastKnownFileType = sourcecode.swift; path = DispatchQueue.swift; sourceTree = "<group>"; };
		8B6674802F4C645300FFEF39 /* DoubleExt.swift */ = {isa = PBXFileReference; lastKnownFileType = sourcecode.swift; path = DoubleExt.swift; sourceTree = "<group>"; };
		8B6674812F4C645300FFEF39 /* NotificationCenterName.swift */ = {isa = PBXFileReference; lastKnownFileType = sourcecode.swift; path = NotificationCenterName.swift; sourceTree = "<group>"; };
		8B6674822F4C645300FFEF39 /* StringExtension.swift */ = {isa = PBXFileReference; lastKnownFileType = sourcecode.swift; path = StringExtension.swift; sourceTree = "<group>"; };
		8B6674832F4C645300FFEF39 /* TableViewExt.swift */ = {isa = PBXFileReference; lastKnownFileType = sourcecode.swift; path = TableViewExt.swift; sourceTree = "<group>"; };
		8B6674842F4C645300FFEF39 /* TextFieldExt.swift */ = {isa = PBXFileReference; lastKnownFileType = sourcecode.swift; path = TextFieldExt.swift; sourceTree = "<group>"; };
		8B6674852F4C645300FFEF39 /* UIButtonExtension.swift */ = {isa = PBXFileReference; lastKnownFileType = sourcecode.swift; path = UIButtonExtension.swift; sourceTree = "<group>"; };
		8B6674862F4C645300FFEF39 /* UIColorExt.swift */ = {isa = PBXFileReference; lastKnownFileType = sourcecode.swift; path = UIColorExt.swift; sourceTree = "<group>"; };
		8B6674872F4C645300FFEF39 /* UIImageExt.swift */ = {isa = PBXFileReference; lastKnownFileType = sourcecode.swift; path = UIImageExt.swift; sourceTree = "<group>"; };
		8B6674882F4C645300FFEF39 /* UIImageViewExtension.swift */ = {isa = PBXFileReference; lastKnownFileType = sourcecode.swift; path = UIImageViewExtension.swift; sourceTree = "<group>"; };
		8B6674892F4C645300FFEF39 /* UILabelExtensions.swift */ = {isa = PBXFileReference; lastKnownFileType = sourcecode.swift; path = UILabelExtensions.swift; sourceTree = "<group>"; };
		8B66748A2F4C645300FFEF39 /* UITextViewExtension.swift */ = {isa = PBXFileReference; lastKnownFileType = sourcecode.swift; path = UITextViewExtension.swift; sourceTree = "<group>"; };
		8B66748B2F4C645300FFEF39 /* UIWindowExtension.swift */ = {isa = PBXFileReference; lastKnownFileType = sourcecode.swift; path = UIWindowExtension.swift; sourceTree = "<group>"; };
		8B66748C2F4C645300FFEF39 /* URLExt.swift */ = {isa = PBXFileReference; lastKnownFileType = sourcecode.swift; path = URLExt.swift; sourceTree = "<group>"; };
		8B66748D2F4C645300FFEF39 /* ViewExt.swift */ = {isa = PBXFileReference; lastKnownFileType = sourcecode.swift; path = ViewExt.swift; sourceTree = "<group>"; };
		8B6674A02F4C649600FFEF39 /* Toast.swift */ = {isa = PBXFileReference; lastKnownFileType = sourcecode.swift; path = Toast.swift; sourceTree = "<group>"; };
		8B6674A22F4C64AA00FFEF39 /* KeyboardEventListener.swift */ = {isa = PBXFileReference; lastKnownFileType = sourcecode.swift; path = KeyboardEventListener.swift; sourceTree = "<group>"; };
		8B6674A42F4C6EE100FFEF39 /* Enums.swift */ = {isa = PBXFileReference; lastKnownFileType = sourcecode.swift; path = Enums.swift; sourceTree = "<group>"; };
		8B6674A62F4C6EFD00FFEF39 /* SharedMethods.swift */ = {isa = PBXFileReference; lastKnownFileType = sourcecode.swift; path = SharedMethods.swift; sourceTree = "<group>"; };
		8B6674AB2F4C6F7600FFEF39 /* CustomMovieActivityItemSource.swift */ = {isa = PBXFileReference; lastKnownFileType = sourcecode.swift; path = CustomMovieActivityItemSource.swift; sourceTree = "<group>"; };
		8B6674AD2F4C7D8300FFEF39 /* DashboardCell.swift */ = {isa = PBXFileReference; lastKnownFileType = sourcecode.swift; path = DashboardCell.swift; sourceTree = "<group>"; };
		8B6674AE2F4C7D8300FFEF39 /* DashboardCell.xib */ = {isa = PBXFileReference; lastKnownFileType = file.xib; path = DashboardCell.xib; sourceTree = "<group>"; };
		8B6674B12F4C86DD00FFEF39 /* UserCell.swift */ = {isa = PBXFileReference; lastKnownFileType = sourcecode.swift; path = UserCell.swift; sourceTree = "<group>"; };
		8B6674B22F4C86DD00FFEF39 /* UserCell.xib */ = {isa = PBXFileReference; lastKnownFileType = file.xib; path = UserCell.xib; sourceTree = "<group>"; };
		8B6674B52F4C963100FFEF39 /* ContactTableViewCell.swift */ = {isa = PBXFileReference; lastKnownFileType = sourcecode.swift; path = ContactTableViewCell.swift; sourceTree = "<group>"; };
		8B6674B62F4C963100FFEF39 /* ContactTableViewCell.xib */ = {isa = PBXFileReference; lastKnownFileType = file.xib; path = ContactTableViewCell.xib; sourceTree = "<group>"; };
		8B6674B92F4CA4CF00FFEF39 /* AllContactsVC.swift */ = {isa = PBXFileReference; lastKnownFileType = sourcecode.swift; path = AllContactsVC.swift; sourceTree = "<group>"; };
		8B6674BB2F4CA89E00FFEF39 /* ContactCell.swift */ = {isa = PBXFileReference; lastKnownFileType = sourcecode.swift; path = ContactCell.swift; sourceTree = "<group>"; };
		8B6674BC2F4CA89E00FFEF39 /* ContactCell.xib */ = {isa = PBXFileReference; lastKnownFileType = file.xib; path = ContactCell.xib; sourceTree = "<group>"; };
		8BAFA4BB2F4D6F2200C85738 /* CustomOptionCell.swift */ = {isa = PBXFileReference; lastKnownFileType = sourcecode.swift; path = CustomOptionCell.swift; sourceTree = "<group>"; };
		8BAFA4BC2F4D6F2200C85738 /* CustomOptionCell.xib */ = {isa = PBXFileReference; lastKnownFileType = file.xib; path = CustomOptionCell.xib; sourceTree = "<group>"; };
		8BAFA4BF2F4D9AC600C85738 /* TagCell.swift */ = {isa = PBXFileReference; lastKnownFileType = sourcecode.swift; path = TagCell.swift; sourceTree = "<group>"; };
		8BAFA4C02F4D9AC600C85738 /* TagCell.xib */ = {isa = PBXFileReference; lastKnownFileType = file.xib; path = TagCell.xib; sourceTree = "<group>"; };
		8BAFA4C32F4DBD0400C85738 /* AddNewContactVC.swift */ = {isa = PBXFileReference; lastKnownFileType = sourcecode.swift; path = AddNewContactVC.swift; sourceTree = "<group>"; };
		8BAFA4C52F4DC7C900C85738 /* TPKeyboardAvoidingScrollView.h */ = {isa = PBXFileReference; lastKnownFileType = sourcecode.c.h; path = TPKeyboardAvoidingScrollView.h; sourceTree = "<group>"; };
		8BAFA4C62F4DC7C900C85738 /* UIScrollView+TPKeyboardAvoidingAdditions.m */ = {isa = PBXFileReference; lastKnownFileType = sourcecode.c.objc; path = "UIScrollView+TPKeyboardAvoidingAdditions.m"; sourceTree = "<group>"; };
		8BAFA4C72F4DC7C900C85738 /* TPKeyboardAvoidingScrollView.m */ = {isa = PBXFileReference; lastKnownFileType = sourcecode.c.objc; path = TPKeyboardAvoidingScrollView.m; sourceTree = "<group>"; };
		8BAFA4C82F4DC7C900C85738 /* UIScrollView+TPKeyboardAvoidingAdditions.h */ = {isa = PBXFileReference; lastKnownFileType = sourcecode.c.h; path = "UIScrollView+TPKeyboardAvoidingAdditions.h"; sourceTree = "<group>"; };
		8BAFA4CC2F4DC83100C85738 /* GroupsVC.swift */ = {isa = PBXFileReference; lastKnownFileType = sourcecode.swift; path = GroupsVC.swift; sourceTree = "<group>"; };
		8BAFA4CE2F4DC8C400C85738 /* GroupCell.swift */ = {isa = PBXFileReference; lastKnownFileType = sourcecode.swift; path = GroupCell.swift; sourceTree = "<group>"; };
		8BAFA4CF2F4DC8C400C85738 /* GroupCell.xib */ = {isa = PBXFileReference; lastKnownFileType = file.xib; path = GroupCell.xib; sourceTree = "<group>"; };
		8BAFA4D22F4DD55100C85738 /* ConnectYourContactsVC.swift */ = {isa = PBXFileReference; lastKnownFileType = sourcecode.swift; path = ConnectYourContactsVC.swift; sourceTree = "<group>"; };
		8BE0C1E42F4C533900817A90 /* ContactUnifier.app */ = {isa = PBXFileReference; explicitFileType = wrapper.application; includeInIndex = 0; path = ContactUnifier.app; sourceTree = BUILT_PRODUCTS_DIR; };
		8BE0C1FC2F4C534800817A90 /* AppDelegate.swift */ = {isa = PBXFileReference; lastKnownFileType = sourcecode.swift; path = AppDelegate.swift; sourceTree = "<group>"; };
		8BE0C1FD2F4C534800817A90 /* Assets.xcassets */ = {isa = PBXFileReference; lastKnownFileType = folder.assetcatalog; path = Assets.xcassets; sourceTree = "<group>"; };
		8BE0C1FE2F4C534800817A90 /* Info.plist */ = {isa = PBXFileReference; lastKnownFileType = text.plist.xml; path = Info.plist; sourceTree = "<group>"; };
		8BE0C1FF2F4C534800817A90 /* Base */ = {isa = PBXFileReference; lastKnownFileType = file.storyboard; name = Base; path = Base.lproj/LaunchScreen.storyboard; sourceTree = "<group>"; };
		8BE0C2012F4C534800817A90 /* Base */ = {isa = PBXFileReference; lastKnownFileType = file.storyboard; name = Base; path = Base.lproj/Main.storyboard; sourceTree = "<group>"; };
		8BE0C2032F4C534800817A90 /* SceneDelegate.swift */ = {isa = PBXFileReference; lastKnownFileType = sourcecode.swift; path = SceneDelegate.swift; sourceTree = "<group>"; };
		8BE0C2042F4C534800817A90 /* DashboardVC.swift */ = {isa = PBXFileReference; lastKnownFileType = sourcecode.swift; path = DashboardVC.swift; sourceTree = "<group>"; };
		8BE0C2102F4C54D400817A90 /* SideMenuOptionDetails.swift */ = {isa = PBXFileReference; lastKnownFileType = sourcecode.swift; path = SideMenuOptionDetails.swift; sourceTree = "<group>"; };
		8BE0C2122F4C54FA00817A90 /* OptionCell.swift */ = {isa = PBXFileReference; lastKnownFileType = sourcecode.swift; path = OptionCell.swift; sourceTree = "<group>"; };
		8BE0C2132F4C54FA00817A90 /* OptionCell.xib */ = {isa = PBXFileReference; lastKnownFileType = file.xib; path = OptionCell.xib; sourceTree = "<group>"; };
		8BE0C2162F4C563300817A90 /* HeaderCell.swift */ = {isa = PBXFileReference; lastKnownFileType = sourcecode.swift; path = HeaderCell.swift; sourceTree = "<group>"; };
		8BE0C2172F4C563300817A90 /* HeaderCell.xib */ = {isa = PBXFileReference; lastKnownFileType = file.xib; path = HeaderCell.xib; sourceTree = "<group>"; };
		8BE0C38F2F4C5CCD00817A90 /* OpenSans_Condensed-Bold.ttf */ = {isa = PBXFileReference; lastKnownFileType = file; path = "OpenSans_Condensed-Bold.ttf"; sourceTree = "<group>"; };
		8BE0C3902F4C5CCD00817A90 /* OpenSans_Condensed-BoldItalic.ttf */ = {isa = PBXFileReference; lastKnownFileType = file; path = "OpenSans_Condensed-BoldItalic.ttf"; sourceTree = "<group>"; };
		8BE0C3912F4C5CCD00817A90 /* OpenSans_Condensed-ExtraBold.ttf */ = {isa = PBXFileReference; lastKnownFileType = file; path = "OpenSans_Condensed-ExtraBold.ttf"; sourceTree = "<group>"; };
		8BE0C3922F4C5CCD00817A90 /* OpenSans_Condensed-ExtraBoldItalic.ttf */ = {isa = PBXFileReference; lastKnownFileType = file; path = "OpenSans_Condensed-ExtraBoldItalic.ttf"; sourceTree = "<group>"; };
		8BE0C3932F4C5CCD00817A90 /* OpenSans_Condensed-Italic.ttf */ = {isa = PBXFileReference; lastKnownFileType = file; path = "OpenSans_Condensed-Italic.ttf"; sourceTree = "<group>"; };
		8BE0C3942F4C5CCD00817A90 /* OpenSans_Condensed-Light.ttf */ = {isa = PBXFileReference; lastKnownFileType = file; path = "OpenSans_Condensed-Light.ttf"; sourceTree = "<group>"; };
		8BE0C3952F4C5CCD00817A90 /* OpenSans_Condensed-LightItalic.ttf */ = {isa = PBXFileReference; lastKnownFileType = file; path = "OpenSans_Condensed-LightItalic.ttf"; sourceTree = "<group>"; };
		8BE0C3962F4C5CCD00817A90 /* OpenSans_Condensed-Medium.ttf */ = {isa = PBXFileReference; lastKnownFileType = file; path = "OpenSans_Condensed-Medium.ttf"; sourceTree = "<group>"; };
		8BE0C3972F4C5CCD00817A90 /* OpenSans_Condensed-MediumItalic.ttf */ = {isa = PBXFileReference; lastKnownFileType = file; path = "OpenSans_Condensed-MediumItalic.ttf"; sourceTree = "<group>"; };
		8BE0C3982F4C5CCD00817A90 /* OpenSans_Condensed-Regular.ttf */ = {isa = PBXFileReference; lastKnownFileType = file; path = "OpenSans_Condensed-Regular.ttf"; sourceTree = "<group>"; };
		8BE0C3992F4C5CCD00817A90 /* OpenSans_Condensed-SemiBold.ttf */ = {isa = PBXFileReference; lastKnownFileType = file; path = "OpenSans_Condensed-SemiBold.ttf"; sourceTree = "<group>"; };
		8BE0C39A2F4C5CCD00817A90 /* OpenSans_Condensed-SemiBoldItalic.ttf */ = {isa = PBXFileReference; lastKnownFileType = file; path = "OpenSans_Condensed-SemiBoldItalic.ttf"; sourceTree = "<group>"; };
		8BE0C39B2F4C5CCD00817A90 /* OpenSans_SemiCondensed-Bold.ttf */ = {isa = PBXFileReference; lastKnownFileType = file; path = "OpenSans_SemiCondensed-Bold.ttf"; sourceTree = "<group>"; };
		8BE0C39C2F4C5CCD00817A90 /* OpenSans_SemiCondensed-BoldItalic.ttf */ = {isa = PBXFileReference; lastKnownFileType = file; path = "OpenSans_SemiCondensed-BoldItalic.ttf"; sourceTree = "<group>"; };
		8BE0C39D2F4C5CCD00817A90 /* OpenSans_SemiCondensed-ExtraBold.ttf */ = {isa = PBXFileReference; lastKnownFileType = file; path = "OpenSans_SemiCondensed-ExtraBold.ttf"; sourceTree = "<group>"; };
		8BE0C39E2F4C5CCD00817A90 /* OpenSans_SemiCondensed-ExtraBoldItalic.ttf */ = {isa = PBXFileReference; lastKnownFileType = file; path = "OpenSans_SemiCondensed-ExtraBoldItalic.ttf"; sourceTree = "<group>"; };
		8BE0C39F2F4C5CCD00817A90 /* OpenSans_SemiCondensed-Italic.ttf */ = {isa = PBXFileReference; lastKnownFileType = file; path = "OpenSans_SemiCondensed-Italic.ttf"; sourceTree = "<group>"; };
		8BE0C3A02F4C5CCD00817A90 /* OpenSans_SemiCondensed-Light.ttf */ = {isa = PBXFileReference; lastKnownFileType = file; path = "OpenSans_SemiCondensed-Light.ttf"; sourceTree = "<group>"; };
		8BE0C3A12F4C5CCD00817A90 /* OpenSans_SemiCondensed-LightItalic.ttf */ = {isa = PBXFileReference; lastKnownFileType = file; path = "OpenSans_SemiCondensed-LightItalic.ttf"; sourceTree = "<group>"; };
		8BE0C3A22F4C5CCD00817A90 /* OpenSans_SemiCondensed-Medium.ttf */ = {isa = PBXFileReference; lastKnownFileType = file; path = "OpenSans_SemiCondensed-Medium.ttf"; sourceTree = "<group>"; };
		8BE0C3A32F4C5CCD00817A90 /* OpenSans_SemiCondensed-MediumItalic.ttf */ = {isa = PBXFileReference; lastKnownFileType = file; path = "OpenSans_SemiCondensed-MediumItalic.ttf"; sourceTree = "<group>"; };
		8BE0C3A42F4C5CCD00817A90 /* OpenSans_SemiCondensed-Regular.ttf */ = {isa = PBXFileReference; lastKnownFileType = file; path = "OpenSans_SemiCondensed-Regular.ttf"; sourceTree = "<group>"; };
		8BE0C3A52F4C5CCD00817A90 /* OpenSans_SemiCondensed-SemiBold.ttf */ = {isa = PBXFileReference; lastKnownFileType = file; path = "OpenSans_SemiCondensed-SemiBold.ttf"; sourceTree = "<group>"; };
		8BE0C3A62F4C5CCD00817A90 /* OpenSans_SemiCondensed-SemiBoldItalic.ttf */ = {isa = PBXFileReference; lastKnownFileType = file; path = "OpenSans_SemiCondensed-SemiBoldItalic.ttf"; sourceTree = "<group>"; };
		8BE0C3A72F4C5CCD00817A90 /* OpenSans-Bold.ttf */ = {isa = PBXFileReference; lastKnownFileType = file; path = "OpenSans-Bold.ttf"; sourceTree = "<group>"; };
		8BE0C3A82F4C5CCD00817A90 /* OpenSans-BoldItalic.ttf */ = {isa = PBXFileReference; lastKnownFileType = file; path = "OpenSans-BoldItalic.ttf"; sourceTree = "<group>"; };
		8BE0C3A92F4C5CCD00817A90 /* OpenSans-ExtraBold.ttf */ = {isa = PBXFileReference; lastKnownFileType = file; path = "OpenSans-ExtraBold.ttf"; sourceTree = "<group>"; };
		8BE0C3AA2F4C5CCD00817A90 /* OpenSans-ExtraBoldItalic.ttf */ = {isa = PBXFileReference; lastKnownFileType = file; path = "OpenSans-ExtraBoldItalic.ttf"; sourceTree = "<group>"; };
		8BE0C3AB2F4C5CCD00817A90 /* OpenSans-Italic.ttf */ = {isa = PBXFileReference; lastKnownFileType = file; path = "OpenSans-Italic.ttf"; sourceTree = "<group>"; };
		8BE0C3AC2F4C5CCD00817A90 /* OpenSans-Light.ttf */ = {isa = PBXFileReference; lastKnownFileType = file; path = "OpenSans-Light.ttf"; sourceTree = "<group>"; };
		8BE0C3AD2F4C5CCD00817A90 /* OpenSans-LightItalic.ttf */ = {isa = PBXFileReference; lastKnownFileType = file; path = "OpenSans-LightItalic.ttf"; sourceTree = "<group>"; };
		8BE0C3AE2F4C5CCD00817A90 /* OpenSans-Medium.ttf */ = {isa = PBXFileReference; lastKnownFileType = file; path = "OpenSans-Medium.ttf"; sourceTree = "<group>"; };
		8BE0C3AF2F4C5CCD00817A90 /* OpenSans-MediumItalic.ttf */ = {isa = PBXFileReference; lastKnownFileType = file; path = "OpenSans-MediumItalic.ttf"; sourceTree = "<group>"; };
		8BE0C3B02F4C5CCD00817A90 /* OpenSans-Regular.ttf */ = {isa = PBXFileReference; lastKnownFileType = file; path = "OpenSans-Regular.ttf"; sourceTree = "<group>"; };
		8BE0C3B12F4C5CCD00817A90 /* OpenSans-SemiBold.ttf */ = {isa = PBXFileReference; lastKnownFileType = file; path = "OpenSans-SemiBold.ttf"; sourceTree = "<group>"; };
		8BE0C3B22F4C5CCD00817A90 /* OpenSans-SemiBoldItalic.ttf */ = {isa = PBXFileReference; lastKnownFileType = file; path = "OpenSans-SemiBoldItalic.ttf"; sourceTree = "<group>"; };
		8BE0C3B42F4C5CCD00817A90 /* OFL.txt */ = {isa = PBXFileReference; lastKnownFileType = text; path = OFL.txt; sourceTree = "<group>"; };
		8BE0C3B52F4C5CCD00817A90 /* OpenSans-Italic-VariableFont_wdth,wght.ttf */ = {isa = PBXFileReference; lastKnownFileType = file; path = "OpenSans-Italic-VariableFont_wdth,wght.ttf"; sourceTree = "<group>"; };
		8BE0C3B62F4C5CCD00817A90 /* OpenSans-VariableFont_wdth,wght.ttf */ = {isa = PBXFileReference; lastKnownFileType = file; path = "OpenSans-VariableFont_wdth,wght.ttf"; sourceTree = "<group>"; };
		8BE0C3B72F4C5CCD00817A90 /* README.txt */ = {isa = PBXFileReference; lastKnownFileType = text; path = README.txt; sourceTree = "<group>"; };
/* End PBXFileReference section */

/* Begin PBXFrameworksBuildPhase section */
		8BE0C1E12F4C533900817A90 /* Frameworks */ = {
			isa = PBXFrameworksBuildPhase;
			buildActionMask = 2147483647;
			files = (
				8B6674AA2F4C6F5100FFEF39 /* Kingfisher in Frameworks */,
				8BE0C20F2F4C549A00817A90 /* SideMenu in Frameworks */,
			);
			runOnlyForDeploymentPostprocessing = 0;
		};
/* End PBXFrameworksBuildPhase section */

/* Begin PBXGroup section */
		8B66748E2F4C645300FFEF39 /* Extensions */ = {
			isa = PBXGroup;
			children = (
				8B66747D2F4C645300FFEF39 /* CollectionViewExt.swift */,
				8B66747E2F4C645300FFEF39 /* DataExt.swift */,
				8B66747F2F4C645300FFEF39 /* DispatchQueue.swift */,
				8B6674802F4C645300FFEF39 /* DoubleExt.swift */,
				8B6674812F4C645300FFEF39 /* NotificationCenterName.swift */,
				8B6674822F4C645300FFEF39 /* StringExtension.swift */,
				8B6674832F4C645300FFEF39 /* TableViewExt.swift */,
				8B6674842F4C645300FFEF39 /* TextFieldExt.swift */,
				8B6674852F4C645300FFEF39 /* UIButtonExtension.swift */,
				8B6674862F4C645300FFEF39 /* UIColorExt.swift */,
				8B6674872F4C645300FFEF39 /* UIImageExt.swift */,
				8B6674882F4C645300FFEF39 /* UIImageViewExtension.swift */,
				8B6674892F4C645300FFEF39 /* UILabelExtensions.swift */,
				8B66748A2F4C645300FFEF39 /* UITextViewExtension.swift */,
				8B66748B2F4C645300FFEF39 /* UIWindowExtension.swift */,
				8B66748C2F4C645300FFEF39 /* URLExt.swift */,
				8B66748D2F4C645300FFEF39 /* ViewExt.swift */,
			);
			path = Extensions;
			sourceTree = "<group>";
		};
		8BAFA4C92F4DC7C900C85738 /* TPKeyBoardAvoiding */ = {
			isa = PBXGroup;
			children = (
				8BAFA4C52F4DC7C900C85738 /* TPKeyboardAvoidingScrollView.h */,
				8BAFA4C62F4DC7C900C85738 /* UIScrollView+TPKeyboardAvoidingAdditions.m */,
				8BAFA4C72F4DC7C900C85738 /* TPKeyboardAvoidingScrollView.m */,
				8BAFA4C82F4DC7C900C85738 /* UIScrollView+TPKeyboardAvoidingAdditions.h */,
			);
			path = TPKeyBoardAvoiding;
			sourceTree = "<group>";
		};
		8BE0C1DB2F4C533900817A90 = {
			isa = PBXGroup;
			children = (
				8BE0C2052F4C534800817A90 /* ContactUnifier */,
				8BE0C1E52F4C533900817A90 /* Products */,
			);
			sourceTree = "<group>";
		};
		8BE0C1E52F4C533900817A90 /* Products */ = {
			isa = PBXGroup;
			children = (
				8BE0C1E42F4C533900817A90 /* ContactUnifier.app */,
			);
			name = Products;
			sourceTree = "<group>";
		};
		8BE0C2052F4C534800817A90 /* ContactUnifier */ = {
			isa = PBXGroup;
			children = (
				8B6674772F4C5F0100FFEF39 /* AppVault.plist */,
				8BE0C1FE2F4C534800817A90 /* Info.plist */,
				8BAFA4C32F4DBD0400C85738 /* AddNewContactVC.swift */,
				8B6674B92F4CA4CF00FFEF39 /* AllContactsVC.swift */,
				8BE0C1FC2F4C534800817A90 /* AppDelegate.swift */,
				8BAFA4D22F4DD55100C85738 /* ConnectYourContactsVC.swift */,
				8B6674BB2F4CA89E00FFEF39 /* ContactCell.swift */,
				8B6674B52F4C963100FFEF39 /* ContactTableViewCell.swift */,
				8B6674AB2F4C6F7600FFEF39 /* CustomMovieActivityItemSource.swift */,
				8BAFA4BB2F4D6F2200C85738 /* CustomOptionCell.swift */,
				8B6674AD2F4C7D8300FFEF39 /* DashboardCell.swift */,
				8BE0C2042F4C534800817A90 /* DashboardVC.swift */,
				8B6674A42F4C6EE100FFEF39 /* Enums.swift */,
				8BAFA4CE2F4DC8C400C85738 /* GroupCell.swift */,
				8BAFA4CC2F4DC83100C85738 /* GroupsVC.swift */,
				8BE0C2162F4C563300817A90 /* HeaderCell.swift */,
				8B6674A22F4C64AA00FFEF39 /* KeyboardEventListener.swift */,
				8B6674752F4C5EF200FFEF39 /* LogHandler.swift */,
				8B6674732F4C5EC700FFEF39 /* OpenSansLbl.swift */,
				8BE0C2122F4C54FA00817A90 /* OptionCell.swift */,
				8BE0C2032F4C534800817A90 /* SceneDelegate.swift */,
				8B6674A62F4C6EFD00FFEF39 /* SharedMethods.swift */,
				8BE0C2102F4C54D400817A90 /* SideMenuOptionDetails.swift */,
				8BAFA4BF2F4D9AC600C85738 /* TagCell.swift */,
				8B6674A02F4C649600FFEF39 /* Toast.swift */,
				8B6674B12F4C86DD00FFEF39 /* UserCell.swift */,
				8B6674792F4C5F0600FFEF39 /* VaultInfo.swift */,
				8BE0C1FD2F4C534800817A90 /* Assets.xcassets */,
				8B6674BC2F4CA89E00FFEF39 /* ContactCell.xib */,
				8B6674B62F4C963100FFEF39 /* ContactTableViewCell.xib */,
				8BAFA4BC2F4D6F2200C85738 /* CustomOptionCell.xib */,
				8B6674AE2F4C7D8300FFEF39 /* DashboardCell.xib */,
				8BAFA4CF2F4DC8C400C85738 /* GroupCell.xib */,
				8BE0C2172F4C563300817A90 /* HeaderCell.xib */,
				8BE0C2132F4C54FA00817A90 /* OptionCell.xib */,
				8BAFA4C02F4D9AC600C85738 /* TagCell.xib */,
				8B6674B22F4C86DD00FFEF39 /* UserCell.xib */,
				8B66748E2F4C645300FFEF39 /* Extensions */,
				8BE0C2002F4C534800817A90 /* LaunchScreen.storyboard */,
				8BE0C2022F4C534800817A90 /* Main.storyboard */,
				8BE0C3B82F4C5CCD00817A90 /* Open_Sans */,
				8BAFA4C92F4DC7C900C85738 /* TPKeyBoardAvoiding */,
			);
			path = ContactUnifier;
			sourceTree = "<group>";
		};
		8BE0C3B32F4C5CCD00817A90 /* static */ = {
			isa = PBXGroup;
			children = (
				8BE0C38F2F4C5CCD00817A90 /* OpenSans_Condensed-Bold.ttf */,
				8BE0C3902F4C5CCD00817A90 /* OpenSans_Condensed-BoldItalic.ttf */,
				8BE0C3912F4C5CCD00817A90 /* OpenSans_Condensed-ExtraBold.ttf */,
				8BE0C3922F4C5CCD00817A90 /* OpenSans_Condensed-ExtraBoldItalic.ttf */,
				8BE0C3932F4C5CCD00817A90 /* OpenSans_Condensed-Italic.ttf */,
				8BE0C3942F4C5CCD00817A90 /* OpenSans_Condensed-Light.ttf */,
				8BE0C3952F4C5CCD00817A90 /* OpenSans_Condensed-LightItalic.ttf */,
				8BE0C3962F4C5CCD00817A90 /* OpenSans_Condensed-Medium.ttf */,
				8BE0C3972F4C5CCD00817A90 /* OpenSans_Condensed-MediumItalic.ttf */,
				8BE0C3982F4C5CCD00817A90 /* OpenSans_Condensed-Regular.ttf */,
				8BE0C3992F4C5CCD00817A90 /* OpenSans_Condensed-SemiBold.ttf */,
				8BE0C39A2F4C5CCD00817A90 /* OpenSans_Condensed-SemiBoldItalic.ttf */,
				8BE0C39B2F4C5CCD00817A90 /* OpenSans_SemiCondensed-Bold.ttf */,
				8BE0C39C2F4C5CCD00817A90 /* OpenSans_SemiCondensed-BoldItalic.ttf */,
				8BE0C39D2F4C5CCD00817A90 /* OpenSans_SemiCondensed-ExtraBold.ttf */,
				8BE0C39E2F4C5CCD00817A90 /* OpenSans_SemiCondensed-ExtraBoldItalic.ttf */,
				8BE0C39F2F4C5CCD00817A90 /* OpenSans_SemiCondensed-Italic.ttf */,
				8BE0C3A02F4C5CCD00817A90 /* OpenSans_SemiCondensed-Light.ttf */,
				8BE0C3A12F4C5CCD00817A90 /* OpenSans_SemiCondensed-LightItalic.ttf */,
				8BE0C3A22F4C5CCD00817A90 /* OpenSans_SemiCondensed-Medium.ttf */,
				8BE0C3A32F4C5CCD00817A90 /* OpenSans_SemiCondensed-MediumItalic.ttf */,
				8BE0C3A42F4C5CCD00817A90 /* OpenSans_SemiCondensed-Regular.ttf */,
				8BE0C3A52F4C5CCD00817A90 /* OpenSans_SemiCondensed-SemiBold.ttf */,
				8BE0C3A62F4C5CCD00817A90 /* OpenSans_SemiCondensed-SemiBoldItalic.ttf */,
				8BE0C3A72F4C5CCD00817A90 /* OpenSans-Bold.ttf */,
				8BE0C3A82F4C5CCD00817A90 /* OpenSans-BoldItalic.ttf */,
				8BE0C3A92F4C5CCD00817A90 /* OpenSans-ExtraBold.ttf */,
				8BE0C3AA2F4C5CCD00817A90 /* OpenSans-ExtraBoldItalic.ttf */,
				8BE0C3AB2F4C5CCD00817A90 /* OpenSans-Italic.ttf */,
				8BE0C3AC2F4C5CCD00817A90 /* OpenSans-Light.ttf */,
				8BE0C3AD2F4C5CCD00817A90 /* OpenSans-LightItalic.ttf */,
				8BE0C3AE2F4C5CCD00817A90 /* OpenSans-Medium.ttf */,
				8BE0C3AF2F4C5CCD00817A90 /* OpenSans-MediumItalic.ttf */,
				8BE0C3B02F4C5CCD00817A90 /* OpenSans-Regular.ttf */,
				8BE0C3B12F4C5CCD00817A90 /* OpenSans-SemiBold.ttf */,
				8BE0C3B22F4C5CCD00817A90 /* OpenSans-SemiBoldItalic.ttf */,
			);
			path = static;
			sourceTree = "<group>";
		};
		8BE0C3B82F4C5CCD00817A90 /* Open_Sans */ = {
			isa = PBXGroup;
			children = (
				8BE0C3B32F4C5CCD00817A90 /* static */,
				8BE0C3B42F4C5CCD00817A90 /* OFL.txt */,
				8BE0C3B52F4C5CCD00817A90 /* OpenSans-Italic-VariableFont_wdth,wght.ttf */,
				8BE0C3B62F4C5CCD00817A90 /* OpenSans-VariableFont_wdth,wght.ttf */,
				8BE0C3B72F4C5CCD00817A90 /* README.txt */,
			);
			path = Open_Sans;
			sourceTree = "<group>";
		};
/* End PBXGroup section */

/* Begin PBXNativeTarget section */
		8BE0C1E32F4C533900817A90 /* ContactUnifier */ = {
			isa = PBXNativeTarget;
			buildConfigurationList = 8BE0C1F72F4C533B00817A90 /* Build configuration list for PBXNativeTarget "ContactUnifier" */;
			buildPhases = (
				8BE0C1E02F4C533900817A90 /* Sources */,
				8BE0C1E12F4C533900817A90 /* Frameworks */,
				8BE0C1E22F4C533900817A90 /* Resources */,
			);
			buildRules = (
			);
			dependencies = (
			);
			name = ContactUnifier;
			packageProductDependencies = (
				8BE0C20E2F4C549A00817A90 /* SideMenu */,
				8B6674A92F4C6F5100FFEF39 /* Kingfisher */,
			);
			productName = ContactUnifier;
			productReference = 8BE0C1E42F4C533900817A90 /* ContactUnifier.app */;
			productType = "com.apple.product-type.application";
		};
/* End PBXNativeTarget section */

/* Begin PBXProject section */
		8BE0C1DC2F4C533900817A90 /* Project object */ = {
			isa = PBXProject;
			attributes = {
				BuildIndependentTargetsInParallel = 1;
				LastSwiftUpdateCheck = 1630;
				LastUpgradeCheck = 1630;
				TargetAttributes = {
					8BE0C1E32F4C533900817A90 = {
						CreatedOnToolsVersion = 16.3;
					};
				};
			};
			buildConfigurationList = 8BE0C1DF2F4C533900817A90 /* Build configuration list for PBXProject "ContactUnifier" */;
			developmentRegion = en;
			hasScannedForEncodings = 0;
			knownRegions = (
				en,
				Base,
			);
			mainGroup = 8BE0C1DB2F4C533900817A90;
			minimizedProjectReferenceProxies = 1;
			packageReferences = (
				8BE0C20D2F4C549A00817A90 /* XCRemoteSwiftPackageReference "SideMenu" */,
				8B6674A82F4C6F5100FFEF39 /* XCRemoteSwiftPackageReference "Kingfisher" */,
			);
			preferredProjectObjectVersion = 77;
			productRefGroup = 8BE0C1E52F4C533900817A90 /* Products */;
			projectDirPath = "";
			projectRoot = "";
			targets = (
				8BE0C1E32F4C533900817A90 /* ContactUnifier */,
			);
		};
/* End PBXProject section */

/* Begin PBXResourcesBuildPhase section */
		8BE0C1E22F4C533900817A90 /* Resources */ = {
			isa = PBXResourcesBuildPhase;
			buildActionMask = 2147483647;
			files = (
				8BE0C2182F4C563300817A90 /* HeaderCell.xib in Resources */,
				8BE0C2152F4C54FA00817A90 /* OptionCell.xib in Resources */,
				8BE0C2092F4C534800817A90 /* Assets.xcassets in Resources */,
				8BE0C20B2F4C534800817A90 /* LaunchScreen.storyboard in Resources */,
				8BAFA4C22F4D9AC600C85738 /* TagCell.xib in Resources */,
				8BE0C3B92F4C5CCD00817A90 /* OpenSans_Condensed-Bold.ttf in Resources */,
				8BE0C3BA2F4C5CCD00817A90 /* OpenSans_Condensed-BoldItalic.ttf in Resources */,
				8BE0C3BB2F4C5CCD00817A90 /* OpenSans_Condensed-ExtraBold.ttf in Resources */,
				8BE0C3BC2F4C5CCD00817A90 /* OpenSans_Condensed-ExtraBoldItalic.ttf in Resources */,
				8BE0C3BD2F4C5CCD00817A90 /* OpenSans_Condensed-Italic.ttf in Resources */,
				8BE0C3BE2F4C5CCD00817A90 /* OpenSans_Condensed-Light.ttf in Resources */,
				8BE0C3BF2F4C5CCD00817A90 /* OpenSans_Condensed-LightItalic.ttf in Resources */,
				8BE0C3C02F4C5CCD00817A90 /* OpenSans_Condensed-Medium.ttf in Resources */,
				8BE0C3C12F4C5CCD00817A90 /* OpenSans_Condensed-MediumItalic.ttf in Resources */,
				8BE0C3C22F4C5CCD00817A90 /* OpenSans_Condensed-Regular.ttf in Resources */,
				8BE0C3C32F4C5CCD00817A90 /* OpenSans_Condensed-SemiBold.ttf in Resources */,
				8BAFA4D02F4DC8C400C85738 /* GroupCell.xib in Resources */,
				8BE0C3C42F4C5CCD00817A90 /* OpenSans_Condensed-SemiBoldItalic.ttf in Resources */,
				8BE0C3C52F4C5CCD00817A90 /* OpenSans_SemiCondensed-Bold.ttf in Resources */,
				8BE0C3C62F4C5CCD00817A90 /* OpenSans_SemiCondensed-BoldItalic.ttf in Resources */,
				8BE0C3C72F4C5CCD00817A90 /* OpenSans_SemiCondensed-ExtraBold.ttf in Resources */,
				8BE0C3C82F4C5CCD00817A90 /* OpenSans_SemiCondensed-ExtraBoldItalic.ttf in Resources */,
				8BE0C3C92F4C5CCD00817A90 /* OpenSans_SemiCondensed-Italic.ttf in Resources */,
				8BE0C3CA2F4C5CCD00817A90 /* OpenSans_SemiCondensed-Light.ttf in Resources */,
				8BE0C3CB2F4C5CCD00817A90 /* OpenSans_SemiCondensed-LightItalic.ttf in Resources */,
				8BE0C3CC2F4C5CCD00817A90 /* OpenSans_SemiCondensed-Medium.ttf in Resources */,
				8BE0C3CD2F4C5CCD00817A90 /* OpenSans_SemiCondensed-MediumItalic.ttf in Resources */,
				8B6674782F4C5F0100FFEF39 /* AppVault.plist in Resources */,
				8BE0C3CE2F4C5CCD00817A90 /* OpenSans_SemiCondensed-Regular.ttf in Resources */,
				8BE0C3CF2F4C5CCD00817A90 /* OpenSans_SemiCondensed-SemiBold.ttf in Resources */,
				8B6674BE2F4CA89E00FFEF39 /* ContactCell.xib in Resources */,
				8BE0C3D02F4C5CCD00817A90 /* OpenSans_SemiCondensed-SemiBoldItalic.ttf in Resources */,
				8BE0C3D12F4C5CCD00817A90 /* OpenSans-Bold.ttf in Resources */,
				8BE0C3D22F4C5CCD00817A90 /* OpenSans-BoldItalic.ttf in Resources */,
				8BE0C3D32F4C5CCD00817A90 /* OpenSans-ExtraBold.ttf in Resources */,
				8BE0C3D42F4C5CCD00817A90 /* OpenSans-ExtraBoldItalic.ttf in Resources */,
				8BE0C3D52F4C5CCD00817A90 /* OpenSans-Italic.ttf in Resources */,
				8BE0C3D62F4C5CCD00817A90 /* OpenSans-Light.ttf in Resources */,
				8BE0C3D72F4C5CCD00817A90 /* OpenSans-LightItalic.ttf in Resources */,
				8BE0C3D82F4C5CCD00817A90 /* OpenSans-Medium.ttf in Resources */,
				8BAFA4BE2F4D6F2200C85738 /* CustomOptionCell.xib in Resources */,
				8B6674AF2F4C7D8300FFEF39 /* DashboardCell.xib in Resources */,
				8BE0C3D92F4C5CCD00817A90 /* OpenSans-MediumItalic.ttf in Resources */,
				8BE0C3DA2F4C5CCD00817A90 /* OpenSans-Regular.ttf in Resources */,
				8BE0C3DB2F4C5CCD00817A90 /* OpenSans-SemiBold.ttf in Resources */,
				8BE0C3DC2F4C5CCD00817A90 /* OpenSans-SemiBoldItalic.ttf in Resources */,
				8BE0C3DD2F4C5CCD00817A90 /* OFL.txt in Resources */,
				8BE0C3DE2F4C5CCD00817A90 /* OpenSans-Italic-VariableFont_wdth,wght.ttf in Resources */,
				8B6674B72F4C963100FFEF39 /* ContactTableViewCell.xib in Resources */,
				8B6674B32F4C86DD00FFEF39 /* UserCell.xib in Resources */,
				8BE0C3DF2F4C5CCD00817A90 /* OpenSans-VariableFont_wdth,wght.ttf in Resources */,
				8BE0C3E02F4C5CCD00817A90 /* README.txt in Resources */,
				8BE0C20C2F4C534800817A90 /* Main.storyboard in Resources */,
			);
			runOnlyForDeploymentPostprocessing = 0;
		};
/* End PBXResourcesBuildPhase section */

/* Begin PBXSourcesBuildPhase section */
		8BE0C1E02F4C533900817A90 /* Sources */ = {
			isa = PBXSourcesBuildPhase;
			buildActionMask = 2147483647;
			files = (
				8BAFA4D32F4DD55100C85738 /* ConnectYourContactsVC.swift in Sources */,
				8B6674BD2F4CA89E00FFEF39 /* ContactCell.swift in Sources */,
				8BE0C2142F4C54FA00817A90 /* OptionCell.swift in Sources */,
				8BE0C2062F4C534800817A90 /* AppDelegate.swift in Sources */,
				8B66748F2F4C645300FFEF39 /* NotificationCenterName.swift in Sources */,
				8B6674902F4C645300FFEF39 /* UILabelExtensions.swift in Sources */,
				8BAFA4D12F4DC8C400C85738 /* GroupCell.swift in Sources */,
				8B6674912F4C645300FFEF39 /* UIButtonExtension.swift in Sources */,
				8BAFA4BD2F4D6F2200C85738 /* CustomOptionCell.swift in Sources */,
				8B6674922F4C645300FFEF39 /* TableViewExt.swift in Sources */,
				8B6674932F4C645300FFEF39 /* UIWindowExtension.swift in Sources */,
				8B6674942F4C645300FFEF39 /* UIImageViewExtension.swift in Sources */,
				8B6674952F4C645300FFEF39 /* UITextViewExtension.swift in Sources */,
				8BAFA4CD2F4DC83100C85738 /* GroupsVC.swift in Sources */,
				8B6674962F4C645300FFEF39 /* DispatchQueue.swift in Sources */,
				8B6674972F4C645300FFEF39 /* UIColorExt.swift in Sources */,
				8B6674982F4C645300FFEF39 /* DoubleExt.swift in Sources */,
				8B6674992F4C645300FFEF39 /* CollectionViewExt.swift in Sources */,
				8B66749A2F4C645300FFEF39 /* URLExt.swift in Sources */,
				8B66749B2F4C645300FFEF39 /* UIImageExt.swift in Sources */,
				8B6674A32F4C64AA00FFEF39 /* KeyboardEventListener.swift in Sources */,
				8B6674B82F4C963100FFEF39 /* ContactTableViewCell.swift in Sources */,
				8B66749C2F4C645300FFEF39 /* ViewExt.swift in Sources */,
				8BAFA4C42F4DBD0400C85738 /* AddNewContactVC.swift in Sources */,
				8B6674A52F4C6EE100FFEF39 /* Enums.swift in Sources */,
				8B6674A12F4C649600FFEF39 /* Toast.swift in Sources */,
				8BAFA4C12F4D9AC600C85738 /* TagCell.swift in Sources */,
				8B66749D2F4C645300FFEF39 /* DataExt.swift in Sources */,
				8B6674B42F4C86DD00FFEF39 /* UserCell.swift in Sources */,
				8B66749E2F4C645300FFEF39 /* TextFieldExt.swift in Sources */,
				8B66749F2F4C645300FFEF39 /* StringExtension.swift in Sources */,
				8B6674B02F4C7D8300FFEF39 /* DashboardCell.swift in Sources */,
				8B66747A2F4C5F0600FFEF39 /* VaultInfo.swift in Sources */,
				8B6674AC2F4C6F7600FFEF39 /* CustomMovieActivityItemSource.swift in Sources */,
				8B6674BA2F4CA4CF00FFEF39 /* AllContactsVC.swift in Sources */,
				8B6674A72F4C6EFD00FFEF39 /* SharedMethods.swift in Sources */,
				8B6674762F4C5EF200FFEF39 /* LogHandler.swift in Sources */,
				8B6674742F4C5EC700FFEF39 /* OpenSansLbl.swift in Sources */,
				8BE0C2072F4C534800817A90 /* SceneDelegate.swift in Sources */,
				8BE0C2082F4C534800817A90 /* DashboardVC.swift in Sources */,
				8BE0C2192F4C563300817A90 /* HeaderCell.swift in Sources */,
				8BAFA4CA2F4DC7C900C85738 /* UIScrollView+TPKeyboardAvoidingAdditions.m in Sources */,
				8BAFA4CB2F4DC7C900C85738 /* TPKeyboardAvoidingScrollView.m in Sources */,
				8BE0C2112F4C54D400817A90 /* SideMenuOptionDetails.swift in Sources */,
			);
			runOnlyForDeploymentPostprocessing = 0;
		};
/* End PBXSourcesBuildPhase section */

/* Begin PBXVariantGroup section */
		8BE0C2002F4C534800817A90 /* LaunchScreen.storyboard */ = {
			isa = PBXVariantGroup;
			children = (
				8BE0C1FF2F4C534800817A90 /* Base */,
			);
			name = LaunchScreen.storyboard;
			sourceTree = "<group>";
		};
		8BE0C2022F4C534800817A90 /* Main.storyboard */ = {
			isa = PBXVariantGroup;
			children = (
				8BE0C2012F4C534800817A90 /* Base */,
			);
			name = Main.storyboard;
			sourceTree = "<group>";
		};
/* End PBXVariantGroup section */

/* Begin XCBuildConfiguration section */
		8BE0C1F82F4C533B00817A90 /* Debug */ = {
			isa = XCBuildConfiguration;
			buildSettings = {
				ASSETCATALOG_COMPILER_APPICON_NAME = AppIcon;
				ASSETCATALOG_COMPILER_GLOBAL_ACCENT_COLOR_NAME = AccentColor;
				CODE_SIGN_STYLE = Automatic;
				CURRENT_PROJECT_VERSION = 1;
				DEVELOPMENT_TEAM = 829Y387SFV;
				GENERATE_INFOPLIST_FILE = YES;
				INFOPLIST_FILE = ContactUnifier/Info.plist;
				INFOPLIST_KEY_CFBundleDisplayName = Graft;
				INFOPLIST_KEY_UIApplicationSupportsIndirectInputEvents = YES;
				INFOPLIST_KEY_UILaunchStoryboardName = LaunchScreen;
				INFOPLIST_KEY_UIMainStoryboardFile = Main;
				INFOPLIST_KEY_UISupportedInterfaceOrientations_iPad = "UIInterfaceOrientationPortrait UIInterfaceOrientationPortraitUpsideDown UIInterfaceOrientationLandscapeLeft UIInterfaceOrientationLandscapeRight";
				INFOPLIST_KEY_UISupportedInterfaceOrientations_iPhone = "UIInterfaceOrientationPortrait UIInterfaceOrientationLandscapeLeft UIInterfaceOrientationLandscapeRight";
				LD_RUNPATH_SEARCH_PATHS = (
					"$(inherited)",
					"@executable_path/Frameworks",
				);
				MARKETING_VERSION = 1.0;
				PRODUCT_BUNDLE_IDENTIFIER = com.techwinlabs.ContactUnifier;
				PRODUCT_NAME = "$(TARGET_NAME)";
				SUPPORTED_PLATFORMS = "iphoneos iphonesimulator";
				SUPPORTS_MACCATALYST = NO;
				SUPPORTS_MAC_DESIGNED_FOR_IPHONE_IPAD = NO;
				SUPPORTS_XR_DESIGNED_FOR_IPHONE_IPAD = NO;
				SWIFT_EMIT_LOC_STRINGS = YES;
				SWIFT_VERSION = 5.0;
				TARGETED_DEVICE_FAMILY = 1;
			};
			name = Debug;
		};
		8BE0C1F92F4C533B00817A90 /* Release */ = {
			isa = XCBuildConfiguration;
			buildSettings = {
				ASSETCATALOG_COMPILER_APPICON_NAME = AppIcon;
				ASSETCATALOG_COMPILER_GLOBAL_ACCENT_COLOR_NAME = AccentColor;
				CODE_SIGN_STYLE = Automatic;
				CURRENT_PROJECT_VERSION = 1;
				DEVELOPMENT_TEAM = 829Y387SFV;
				GENERATE_INFOPLIST_FILE = YES;
				INFOPLIST_FILE = ContactUnifier/Info.plist;
				INFOPLIST_KEY_CFBundleDisplayName = Graft;
				INFOPLIST_KEY_UIApplicationSupportsIndirectInputEvents = YES;
				INFOPLIST_KEY_UILaunchStoryboardName = LaunchScreen;
				INFOPLIST_KEY_UIMainStoryboardFile = Main;
				INFOPLIST_KEY_UISupportedInterfaceOrientations_iPad = "UIInterfaceOrientationPortrait UIInterfaceOrientationPortraitUpsideDown UIInterfaceOrientationLandscapeLeft UIInterfaceOrientationLandscapeRight";
				INFOPLIST_KEY_UISupportedInterfaceOrientations_iPhone = "UIInterfaceOrientationPortrait UIInterfaceOrientationLandscapeLeft UIInterfaceOrientationLandscapeRight";
				LD_RUNPATH_SEARCH_PATHS = (
					"$(inherited)",
					"@executable_path/Frameworks",
				);
				MARKETING_VERSION = 1.0;
				PRODUCT_BUNDLE_IDENTIFIER = com.techwinlabs.ContactUnifier;
				PRODUCT_NAME = "$(TARGET_NAME)";
				SUPPORTED_PLATFORMS = "iphoneos iphonesimulator";
				SUPPORTS_MACCATALYST = NO;
				SUPPORTS_MAC_DESIGNED_FOR_IPHONE_IPAD = NO;
				SUPPORTS_XR_DESIGNED_FOR_IPHONE_IPAD = NO;
				SWIFT_EMIT_LOC_STRINGS = YES;
				SWIFT_VERSION = 5.0;
				TARGETED_DEVICE_FAMILY = 1;
			};
			name = Release;
		};
		8BE0C1FA2F4C533B00817A90 /* Debug */ = {
			isa = XCBuildConfiguration;
			buildSettings = {
				ALWAYS_SEARCH_USER_PATHS = NO;
				ASSETCATALOG_COMPILER_GENERATE_SWIFT_ASSET_SYMBOL_EXTENSIONS = YES;
				CLANG_ANALYZER_NONNULL = YES;
				CLANG_ANALYZER_NUMBER_OBJECT_CONVERSION = YES_AGGRESSIVE;
				CLANG_CXX_LANGUAGE_STANDARD = "gnu++20";
				CLANG_ENABLE_MODULES = YES;
				CLANG_ENABLE_OBJC_ARC = YES;
				CLANG_ENABLE_OBJC_WEAK = YES;
				CLANG_WARN_BLOCK_CAPTURE_AUTORELEASING = YES;
				CLANG_WARN_BOOL_CONVERSION = YES;
				CLANG_WARN_COMMA = YES;
				CLANG_WARN_CONSTANT_CONVERSION = YES;
				CLANG_WARN_DEPRECATED_OBJC_IMPLEMENTATIONS = YES;
				CLANG_WARN_DIRECT_OBJC_ISA_USAGE = YES_ERROR;
				CLANG_WARN_DOCUMENTATION_COMMENTS = YES;
				CLANG_WARN_EMPTY_BODY = YES;
				CLANG_WARN_ENUM_CONVERSION = YES;
				CLANG_WARN_INFINITE_RECURSION = YES;
				CLANG_WARN_INT_CONVERSION = YES;
				CLANG_WARN_NON_LITERAL_NULL_CONVERSION = YES;
				CLANG_WARN_OBJC_IMPLICIT_RETAIN_SELF = YES;
				CLANG_WARN_OBJC_LITERAL_CONVERSION = YES;
				CLANG_WARN_OBJC_ROOT_CLASS = YES_ERROR;
				CLANG_WARN_QUOTED_INCLUDE_IN_FRAMEWORK_HEADER = YES;
				CLANG_WARN_RANGE_LOOP_ANALYSIS = YES;
				CLANG_WARN_STRICT_PROTOTYPES = YES;
				CLANG_WARN_SUSPICIOUS_MOVE = YES;
				CLANG_WARN_UNGUARDED_AVAILABILITY = YES_AGGRESSIVE;
				CLANG_WARN_UNREACHABLE_CODE = YES;
				CLANG_WARN__DUPLICATE_METHOD_MATCH = YES;
				COPY_PHASE_STRIP = NO;
				DEBUG_INFORMATION_FORMAT = dwarf;
				DEVELOPMENT_TEAM = 829Y387SFV;
				ENABLE_STRICT_OBJC_MSGSEND = YES;
				ENABLE_TESTABILITY = YES;
				ENABLE_USER_SCRIPT_SANDBOXING = YES;
				GCC_C_LANGUAGE_STANDARD = gnu17;
				GCC_DYNAMIC_NO_PIC = NO;
				GCC_NO_COMMON_BLOCKS = YES;
				GCC_OPTIMIZATION_LEVEL = 0;
				GCC_PREPROCESSOR_DEFINITIONS = (
					"DEBUG=1",
					"$(inherited)",
				);
				GCC_WARN_64_TO_32_BIT_CONVERSION = YES;
				GCC_WARN_ABOUT_RETURN_TYPE = YES_ERROR;
				GCC_WARN_UNDECLARED_SELECTOR = YES;
				GCC_WARN_UNINITIALIZED_AUTOS = YES_AGGRESSIVE;
				GCC_WARN_UNUSED_FUNCTION = YES;
				GCC_WARN_UNUSED_VARIABLE = YES;
				IPHONEOS_DEPLOYMENT_TARGET = 18.4;
				LOCALIZATION_PREFERS_STRING_CATALOGS = YES;
				MTL_ENABLE_DEBUG_INFO = INCLUDE_SOURCE;
				MTL_FAST_MATH = YES;
				ONLY_ACTIVE_ARCH = YES;
				SDKROOT = iphoneos;
				SWIFT_ACTIVE_COMPILATION_CONDITIONS = "DEBUG $(inherited)";
				SWIFT_OPTIMIZATION_LEVEL = "-Onone";
			};
			name = Debug;
		};
		8BE0C1FB2F4C533B00817A90 /* Release */ = {
			isa = XCBuildConfiguration;
			buildSettings = {
				ALWAYS_SEARCH_USER_PATHS = NO;
				ASSETCATALOG_COMPILER_GENERATE_SWIFT_ASSET_SYMBOL_EXTENSIONS = YES;
				CLANG_ANALYZER_NONNULL = YES;
				CLANG_ANALYZER_NUMBER_OBJECT_CONVERSION = YES_AGGRESSIVE;
				CLANG_CXX_LANGUAGE_STANDARD = "gnu++20";
				CLANG_ENABLE_MODULES = YES;
				CLANG_ENABLE_OBJC_ARC = YES;
				CLANG_ENABLE_OBJC_WEAK = YES;
				CLANG_WARN_BLOCK_CAPTURE_AUTORELEASING = YES;
				CLANG_WARN_BOOL_CONVERSION = YES;
				CLANG_WARN_COMMA = YES;
				CLANG_WARN_CONSTANT_CONVERSION = YES;
				CLANG_WARN_DEPRECATED_OBJC_IMPLEMENTATIONS = YES;
				CLANG_WARN_DIRECT_OBJC_ISA_USAGE = YES_ERROR;
				CLANG_WARN_DOCUMENTATION_COMMENTS = YES;
				CLANG_WARN_EMPTY_BODY = YES;
				CLANG_WARN_ENUM_CONVERSION = YES;
				CLANG_WARN_INFINITE_RECURSION = YES;
				CLANG_WARN_INT_CONVERSION = YES;
				CLANG_WARN_NON_LITERAL_NULL_CONVERSION = YES;
				CLANG_WARN_OBJC_IMPLICIT_RETAIN_SELF = YES;
				CLANG_WARN_OBJC_LITERAL_CONVERSION = YES;
				CLANG_WARN_OBJC_ROOT_CLASS = YES_ERROR;
				CLANG_WARN_QUOTED_INCLUDE_IN_FRAMEWORK_HEADER = YES;
				CLANG_WARN_RANGE_LOOP_ANALYSIS = YES;
				CLANG_WARN_STRICT_PROTOTYPES = YES;
				CLANG_WARN_SUSPICIOUS_MOVE = YES;
				CLANG_WARN_UNGUARDED_AVAILABILITY = YES_AGGRESSIVE;
				CLANG_WARN_UNREACHABLE_CODE = YES;
				CLANG_WARN__DUPLICATE_METHOD_MATCH = YES;
				COPY_PHASE_STRIP = NO;
				DEBUG_INFORMATION_FORMAT = "dwarf-with-dsym";
				DEVELOPMENT_TEAM = 829Y387SFV;
				ENABLE_NS_ASSERTIONS = NO;
				ENABLE_STRICT_OBJC_MSGSEND = YES;
				ENABLE_USER_SCRIPT_SANDBOXING = YES;
				GCC_C_LANGUAGE_STANDARD = gnu17;
				GCC_NO_COMMON_BLOCKS = YES;
				GCC_WARN_64_TO_32_BIT_CONVERSION = YES;
				GCC_WARN_ABOUT_RETURN_TYPE = YES_ERROR;
				GCC_WARN_UNDECLARED_SELECTOR = YES;
				GCC_WARN_UNINITIALIZED_AUTOS = YES_AGGRESSIVE;
				GCC_WARN_UNUSED_FUNCTION = YES;
				GCC_WARN_UNUSED_VARIABLE = YES;
				IPHONEOS_DEPLOYMENT_TARGET = 18.4;
				LOCALIZATION_PREFERS_STRING_CATALOGS = YES;
				MTL_ENABLE_DEBUG_INFO = NO;
				MTL_FAST_MATH = YES;
				SDKROOT = iphoneos;
				SWIFT_COMPILATION_MODE = wholemodule;
				VALIDATE_PRODUCT = YES;
			};
			name = Release;
		};
/* End XCBuildConfiguration section */

/* Begin XCConfigurationList section */
		8BE0C1DF2F4C533900817A90 /* Build configuration list for PBXProject "ContactUnifier" */ = {
			isa = XCConfigurationList;
			buildConfigurations = (
				8BE0C1FA2F4C533B00817A90 /* Debug */,
				8BE0C1FB2F4C533B00817A90 /* Release */,
			);
			defaultConfigurationIsVisible = 0;
			defaultConfigurationName = Release;
		};
		8BE0C1F72F4C533B00817A90 /* Build configuration list for PBXNativeTarget "ContactUnifier" */ = {
			isa = XCConfigurationList;
			buildConfigurations = (
				8BE0C1F82F4C533B00817A90 /* Debug */,
				8BE0C1F92F4C533B00817A90 /* Release */,
			);
			defaultConfigurationIsVisible = 0;
			defaultConfigurationName = Release;
		};
/* End XCConfigurationList section */

/* Begin XCRemoteSwiftPackageReference section */
		8B6674A82F4C6F5100FFEF39 /* XCRemoteSwiftPackageReference "Kingfisher" */ = {
			isa = XCRemoteSwiftPackageReference;
			repositoryURL = "https://github.com/onevcat/Kingfisher.git";
			requirement = {
				kind = upToNextMajorVersion;
				minimumVersion = 8.7.0;
			};
		};
		8BE0C20D2F4C549A00817A90 /* XCRemoteSwiftPackageReference "SideMenu" */ = {
			isa = XCRemoteSwiftPackageReference;
			repositoryURL = "https://github.com/jonkykong/SideMenu.git";
			requirement = {
				kind = upToNextMajorVersion;
				minimumVersion = 6.5.0;
			};
		};
/* End XCRemoteSwiftPackageReference section */

/* Begin XCSwiftPackageProductDependency section */
		8B6674A92F4C6F5100FFEF39 /* Kingfisher */ = {
			isa = XCSwiftPackageProductDependency;
			package = 8B6674A82F4C6F5100FFEF39 /* XCRemoteSwiftPackageReference "Kingfisher" */;
			productName = Kingfisher;
		};
		8BE0C20E2F4C549A00817A90 /* SideMenu */ = {
			isa = XCSwiftPackageProductDependency;
			package = 8BE0C20D2F4C549A00817A90 /* XCRemoteSwiftPackageReference "SideMenu" */;
			productName = SideMenu;
		};
/* End XCSwiftPackageProductDependency section */
	};
	rootObject = 8BE0C1DC2F4C533900817A90 /* Project object */;
}
